<?xml version="1.0" encoding="utf-8"?>
<Project ToolsVersion="4.0" xmlns="http://schemas.microsoft.com/developer/msbuild/2003">
  <ItemGroup>
    <Filter Include="Quelldateien">
      <UniqueIdentifier>{4FC737F1-C7A5-4376-A066-2A32D752A2FF}</UniqueIdentifier>
      <Extensions>cpp;c;cc;cxx;def;odl;idl;hpj;bat;asm;asmx</Extensions>
    </Filter>
    <Filter Include="Headerdateien">
      <UniqueIdentifier>{93995380-89BD-4b04-88EB-625FBE52EBFB}</UniqueIdentifier>
      <Extensions>h;hh;hpp;hxx;hm;inl;inc;ipp;xsd</Extensions>
    </Filter>
    <Filter Include="Ressourcendateien">
      <UniqueIdentifier>{67DA6AB6-F800-4c08-8B7A-83BB121AAD01}</UniqueIdentifier>
      <Extensions>rc;ico;cur;bmp;dlg;rc2;rct;bin;rgs;gif;jpg;jpeg;jpe;resx;tiff;tif;png;wav;mfcribbon-ms</Extensions>
    </Filter>
  </ItemGroup>
  <ItemGroup>
    <ClCompile Include="MenuItem.cpp">
      <Filter>Quelldateien</Filter>
    </ClCompile>
    <ClCompile Include="MainMenuGS.cpp">
      <Filter>Quelldateien</Filter>
    </ClCompile>
    <ClCompile Include="MenuGS.cpp">
      <Filter>Quelldateien</Filter>
    </ClCompile>
    <ClCompile Include="Framework.cpp">
      <Filter>Quelldateien</Filter>
    </ClCompile>
    <ClCompile Include="main.cpp">
      <Filter>Quelldateien</Filter>
    </ClCompile>
    <ClCompile Include="GameGS.cpp">
      <Filter>Quelldateien</Filter>
    </ClCompile>
    <ClCompile Include="RandomNumberGenerator.cpp">
      <Filter>Quelldateien</Filter>
    </ClCompile>
    <ClCompile Include="GameBoard.cpp">
      <Filter>Quelldateien</Filter>
    </ClCompile>
    <ClCompile Include="Snake.cpp">
      <Filter>Quelldateien</Filter>
    </ClCompile>
    <ClCompile Include="SnakeLocal.cpp">
      <Filter>Quelldateien</Filter>
    </ClCompile>
    <ClCompile Include="SnakeAI.cpp">
      <Filter>Quelldateien</Filter>
    </ClCompile>
    <ClCompile Include="SnakeNetwork.cpp">
      <Filter>Quelldateien</Filter>
    </ClCompile>
  </ItemGroup>
  <ItemGroup>
    <ClInclude Include="MenuItem.h">
      <Filter>Headerdateien</Filter>
    </ClInclude>
    <ClInclude Include="MainMenuGS.h">
      <Filter>Headerdateien</Filter>
    </ClInclude>
    <ClInclude Include="GameState.h">
      <Filter>Headerdateien</Filter>
    </ClInclude>
    <ClInclude Include="GameAction.h">
      <Filter>Headerdateien</Filter>
    </ClInclude>
    <ClInclude Include="ActionCoutExample.h">
      <Filter>Headerdateien</Filter>
    </ClInclude>
    <ClInclude Include="ActionChangeGameState.h">
      <Filter>Headerdateien</Filter>
    </ClInclude>
    <ClInclude Include="MenuGS.h">
      <Filter>Headerdateien</Filter>
    </ClInclude>
    <ClInclude Include="Framework.h">
      <Filter>Headerdateien</Filter>
    </ClInclude>
    <ClInclude Include="RenderItem.h">
      <Filter>Headerdateien</Filter>
    </ClInclude>
    <ClInclude Include="GameGS.h">
      <Filter>Headerdateien</Filter>
    </ClInclude>
    <ClInclude Include="RandomNumberGenerator.h">
      <Filter>Headerdateien</Filter>
    </ClInclude>
    <ClInclude Include="ActionRandTest.h">
      <Filter>Headerdateien</Filter>
    </ClInclude>
    <ClInclude Include="GameBoard.h">
      <Filter>Headerdateien</Filter>
    </ClInclude>
    <ClInclude Include="Snake.h">
      <Filter>Headerdateien</Filter>
    </ClInclude>
    <ClInclude Include="SnakeLocal.h">
      <Filter>Headerdateien</Filter>
    </ClInclude>
    <ClInclude Include="SnakeAI.h">
      <Filter>Headerdateien</Filter>
    </ClInclude>
    <ClInclude Include="SnakeNetwork.h">
      <Filter>Headerdateien</Filter>
    </ClInclude>
  </ItemGroup>
</Project>